{
  "name": "@none/node",
  "version": "1.0.0",
  "lockfileVersion": 3,
  "requires": true,
  "packages": {
    "": {
      "name": "@none/node",
      "version": "1.0.0",
      "license": "ISC",
      "dependencies": {
        "koffi": "^3.2.0"
      }
    },
    "node_modules/@koromix/koffi-darwin-arm64": {
      "version": "3.2.0",
      "resolved": "https://registry.npmjs.org/@koromix/koffi-darwin-arm64/-/koffi-darwin-arm64-3.2.0.tgz",
      "integrity": "sha512-UfIfdmrUYBBC56jq+6rlyUCKGPiA2XnXTTzp5S1jXeDkXFdc2Sg8C1Zj/fi7XM0e6CgA416i3GsuE5oKfe0FZw==",
      "cpu": [
        "arm64"
      ],
      "license": "MIT",
      "optional": true,
      "os": [
        "darwin"
      ],
      "funding": {
        "url": "https://liberapay.com/Koromix"
      }
    },
    "node_modules/@koromix/koffi-darwin-x64": {
      "version": "3.2.0",
      "resolved": "https://registry.npmjs.org/@koromix/koffi-darwin-x64/-/koffi-darwin-x64-3.2.0.tgz",
      "integrity": "sha512-kTT+DOP9ymb8LCoJQrs5tvm6NWGbrqcGNdhlnZL+BndHOCoaYl7xzCzFmlKpAsS3Y1Uvyr2znrut/b+7wOuiOg==",
      "cpu": [
        "x64"
      ],
      "license": "MIT",
      "optional": true,
      "os": [
        "darwin"
      ],
      "funding": {
        "url": "https://liberapay.com/Koromix"
      }
    },
    "node_modules/@koromix/koffi-freebsd-arm64": {
      "version": "3.2.0",
      "resolved": "https://registry.npmjs.org/@koromix/koffi-freebsd-arm64/-/koffi-freebsd-arm64-3.2.0.tgz",
      "integrity": "sha512-NxM8Lv8IHfuWxxtTzjz81haUFdraFVEe0aB6YN7c66tsyXMvbUiB5sbBDfjPa1NeMEBDhfFj3gGmawxY3i+93w==",
      "cpu": [
        "arm64"
      ],
      "license": "MIT",
      "optional": true,
      "os": [
        "freebsd"
      ],
      "funding": {
        "url": "https://liberapay.com/Koromix"
      }
    },
    "node_modules/@koromix/koffi-freebsd-ia32": {
      "version": "3.2.0",
      "resolved": "https://registry.npmjs.org/@koromix/koffi-freebsd-ia32/-/koffi-freebsd-ia32-3.2.0.tgz",
      "integrity": "sha512-iOvIomlKzHgx29TgSJiACX5u48mWx+eEjkKcNZbD7mY/9K0YJ0/PtbqCO91RavdzTJakvDk8yImTEIml+xfBUg==",
      "cpu": [
        "ia32"
      ],
      "license": "MIT",
      "optional": true,
      "os": [
        "freebsd"
      ],
      "funding": {
        "url": "https://liberapay.com/Koromix"
      }
    },
    "node_modules/@koromix/koffi-freebsd-x64": {
      "version": "3.2.0",
      "resolved": "https://registry.npmjs.org/@koromix/koffi-freebsd-x64/-/koffi-freebsd-x64-3.2.0.tgz",
      "integrity": "sha512-6yPK5X7/pRvhU/mSynNNCC3PCHKmbBmwJsCmg4C9Gi14oCzkahGxxFUhs/4KjblyPh/EnT5dGnc46Zo7rW1aeg==",
      "cpu": [
        "x64"
      ],
      "license": "MIT",
      "optional": true,
      "os": [
        "freebsd"
      ],
      "funding": {
        "url": "https://liberapay.com/Koromix"
      }
    },
    "node_modules/@koromix/koffi-linux-arm": {
      "version": "3.2.0",
      "resolved": "https://registry.npmjs.org/@koromix/koffi-linux-arm/-/koffi-linux-arm-3.2.0.tgz",
      "integrity": "sha512-6wNoA20K9UWVFesLUBpvh8NOT92HAYGtjWae65B2Xb7QSvU5reg7jd01xjRqaacNGwj5xeJ60UWFAGUOsVo9MQ==",
      "cpu": [
        "arm"
      ],
      "license": "MIT",
      "optional": true,
      "os": [
        "linux"
      ],
      "funding": {
        "url": "https://liberapay.com/Koromix"
      }
    },
    "node_modules/@koromix/koffi-linux-arm64": {
      "version": "3.2.0",
      "resolved": "https://registry.npmjs.org/@koromix/koffi-linux-arm64/-/koffi-linux-arm64-3.2.0.tgz",
      "integrity": "sha512-1zgAIK9KG7PY/eWOHnYrmGQh8VHBF9AzFee8PH7YWCJK1iE/cmKt2sctOlDeNBkKzvUpmaMz3LSgg66f15Xklg==",
      "cpu": [
        "arm64"
      ],
      "license": "MIT",
      "optional": true,
      "os": [
        "linux"
      ],
      "funding": {
        "url": "https://liberapay.com/Koromix"
      }
    },
    "node_modules/@koromix/koffi-linux-ia32": {
      "version": "3.2.0",
      "resolved": "https://registry.npmjs.org/@koromix/koffi-linux-ia32/-/koffi-linux-ia32-3.2.0.tgz",
      "integrity": "sha512-dnK7II/P6408YDxylLmxgrbzGhL3w3P+AjN5HEimm//elO5e5LJl3VXi+u3Lrvfov5cHlnVwN8X4qIqchi0qTA==",
      "cpu": [
        "ia32"
      ],
      "license": "MIT",
      "optional": true,
      "os": [
        "linux"
      ],
      "funding": {
        "url": "https://liberapay.com/Koromix"
      }
    },
    "node_modules/@koromix/koffi-linux-loong64": {
      "version": "3.2.0",
      "resolved": "https://registry.npmjs.org/@koromix/koffi-linux-loong64/-/koffi-linux-loong64-3.2.0.tgz",
      "integrity": "sha512-5gRWmjyldyl/0NaL3jxVRdN6u79i4krIpyHCICq+leoiez91ycZe+Vsq6Y4AbzcZ+mK4iNf4q4QCwvBAX5+ejg==",
      "cpu": [
        "loong64"
      ],
      "license": "MIT",
      "optional": true,
      "os": [
        "linux"
      ],
      "funding": {
        "url": "https://liberapay.com/Koromix"
      }
    },
    "node_modules/@koromix/koffi-linux-riscv64": {
      "version": "3.2.0",
      "resolved": "https://registry.npmjs.org/@koromix/koffi-linux-riscv64/-/koffi-linux-riscv64-3.2.0.tgz",
      "integrity": "sha512-nSnQ8o0NLn8ttOrdLad17xZu4iYeX/Ps7wAnvi9kxGve4pxOAwY6N7MLwSUHP2fZXi74ognY0uN2lRObOp1j2Q==",
      "cpu": [
        "riscv64"
      ],
      "license": "MIT",
      "optional": true,
      "os": [
        "linux"
      ],
      "funding": {
        "url": "https://liberapay.com/Koromix"
      }
    },
    "node_modules/@koromix/koffi-linux-x64": {
      "version": "3.2.0",
      "resolved": "https://registry.npmjs.org/@koromix/koffi-linux-x64/-/koffi-linux-x64-3.2.0.tgz",
      "integrity": "sha512-EWd0IQDzUUlxkNt7Sx9qPpGVvPTfqqqI7LCdocpjkxrARyguYGOPGJv3goSvoz3e95AyOZeojTlPKyqioAB5Ow==",
      "cpu": [
        "x64"
      ],
      "license": "MIT",
      "optional": true,
      "os": [
        "linux"
      ],
      "funding": {
        "url": "https://liberapay.com/Koromix"
      }
    },
    "node_modules/@koromix/koffi-openbsd-ia32": {
      "version": "3.2.0",
      "resolved": "https://registry.npmjs.org/@koromix/koffi-openbsd-ia32/-/koffi-openbsd-ia32-3.2.0.tgz",
      "integrity": "sha512-oUQzB56M1hMgkqelSpkJZKaQFrsAi19qwHI0xBwTLXHpX2HTZee92sF6fsxQIg7VD2f4fPjFDTjcC9vbRfB4UQ==",
      "cpu": [
        "ia32"
      ],
      "license": "MIT",
      "optional": true,
      "os": [
        "openbsd"
      ],
      "funding": {
        "url": "https://liberapay.com/Koromix"
      }
    },
    "node_modules/@koromix/koffi-openbsd-x64": {
      "version": "3.2.0",
      "resolved": "https://registry.npmjs.org/@koromix/koffi-openbsd-x64/-/koffi-openbsd-x64-3.2.0.tgz",
      "integrity": "sha512-YJG4kCycHD5IGyCF6oJpHaSJ+j5rB1Y8DRHPW1M6gdYHvVd0kiDwLvKzSgAJ3l15KI5+wXalVZtugvV+1DaIPw==",
      "cpu": [
        "x64"
      ],
      "license": "MIT",
      "optional": true,
      "os": [
        "openbsd"
      ],
      "funding": {
        "url": "https://liberapay.com/Koromix"
      }
    },
    "node_modules/@koromix/koffi-win32-arm64": {
      "version": "3.2.0",
      "resolved": "https://registry.npmjs.org/@koromix/koffi-win32-arm64/-/koffi-win32-arm64-3.2.0.tgz",
      "integrity": "sha512-PnbLrDVyxdQdJJItUSgBPMH0BAvTqCDjNT0XmIZv2qdKV1TVqfMTYMhjfJKWrRfkXDPExJyhjTBdAidQGwuUPQ==",
      "cpu": [
        "arm64"
      ],
      "license": "MIT",
      "optional": true,
      "os": [
        "win32"
      ],
      "funding": {
        "url": "https://liberapay.com/Koromix"
      }
    },
    "node_modules/@koromix/koffi-win32-ia32": {
      "version": "3.2.0",
      "resolved": "https://registry.npmjs.org/@koromix/koffi-win32-ia32/-/koffi-win32-ia32-3.2.0.tgz",
      "integrity": "sha512-d14KDZxJsK/nGK4Rb6jc4J76JLQztesVbRkbpKXEpvy4MxCrgFXwe5DTMP3nD4CRTmOGe9FzRfphAQBm9Dbkig==",
      "cpu": [
        "ia32"
      ],
      "license": "MIT",
      "optional": true,
      "os": [
        "win32"
      ],
      "funding": {
        "url": "https://liberapay.com/Koromix"
      }
    },
    "node_modules/@koromix/koffi-win32-x64": {
      "version": "3.2.0",
      "resolved": "https://registry.npmjs.org/@koromix/koffi-win32-x64/-/koffi-win32-x64-3.2.0.tgz",
      "integrity": "sha512-09p81HVKDsLXkyMRrLQzsFtCjdcFgbRW765roAu5iChHj4gfWVrGDdvtBldc1BulIEgH1/gRwa2E4vEtW3/hlw==",
      "cpu": [
        "x64"
      ],
      "license": "MIT",
      "optional": true,
      "os": [
        "win32"
      ],
      "funding": {
        "url": "https://liberapay.com/Koromix"
      }
    },
    "node_modules/koffi": {
      "version": "3.2.0",
      "resolved": "https://registry.npmjs.org/koffi/-/koffi-3.2.0.tgz",
      "integrity": "sha512-U/7o2QkSGt28UE+74mQyLOdMxUIos9N2RrSwHFcXYLyb1hK1HukSYFQ3RxaEypcWbKUL+JbMheBxGuFn8PRk9w==",
      "hasInstallScript": true,
      "license": "MIT",
      "funding": {
        "url": "https://liberapay.com/Koromix"
      },
      "optionalDependencies": {
        "@koromix/koffi-darwin-arm64": "3.2.0",
        "@koromix/koffi-darwin-x64": "3.2.0",
        "@koromix/koffi-freebsd-arm64": "3.2.0",
        "@koromix/koffi-freebsd-ia32": "3.2.0",
        "@koromix/koffi-freebsd-x64": "3.2.0",
        "@koromix/koffi-linux-arm": "3.2.0",
        "@koromix/koffi-linux-arm64": "3.2.0",
        "@koromix/koffi-linux-ia32": "3.2.0",
        "@koromix/koffi-linux-loong64": "3.2.0",
        "@koromix/koffi-linux-riscv64": "3.2.0",
        "@koromix/koffi-linux-x64": "3.2.0",
        "@koromix/koffi-openbsd-ia32": "3.2.0",
        "@koromix/koffi-openbsd-x64": "3.2.0",
        "@koromix/koffi-win32-arm64": "3.2.0",
        "@koromix/koffi-win32-ia32": "3.2.0",
        "@koromix/koffi-win32-x64": "3.2.0"
      }
    }
  }
}
